// !$*UTF8*$!
{
	archiveVersion = 1;
	classes = {
	};
	objectVersion = 77;
	objects = {

/* Begin PBXBuildFile section */
		D865A39C2D0548E80008EBCE /* FirebaseAnalytics in Frameworks */ = {isa = PBXBuildFile; productRef = D865A39B2D0548E80008EBCE /* FirebaseAnalytics */; };
		D865A39E2D0548E80008EBCE /* FirebaseAnalyticsOnDeviceConversion in Frameworks */ = {isa = PBXBuildFile; productRef = D865A39D2D0548E80008EBCE /* FirebaseAnalyticsOnDeviceConversion */; };
		D865A3A02D0548E80008EBCE /* FirebaseAnalyticsWithoutAdIdSupport in Frameworks */ = {isa = PBXBuildFile; productRef = D865A39F2D0548E80008EBCE /* FirebaseAnalyticsWithoutAdIdSupport */; };
		D865A3A22D0548E80008EBCE /* FirebaseAppCheck in Frameworks */ = {isa = PBXBuildFile; productRef = D865A3A12D0548E80008EBCE /* FirebaseAppCheck */; };
		D865A3A42D0548E80008EBCE /* FirebaseAppDistribution-Beta in Frameworks */ = {isa = PBXBuildFile; productRef = D865A3A32D0548E80008EBCE /* FirebaseAppDistribution-Beta */; };
		D865A3A62D0548E80008EBCE /* FirebaseAuth in Frameworks */ = {isa = PBXBuildFile; productRef = D865A3A52D0548E80008EBCE /* FirebaseAuth */; };
		D865A3A82D0548E80008EBCE /* FirebaseAuthCombine-Community in Frameworks */ = {isa = PBXBuildFile; productRef = D865A3A72D0548E80008EBCE /* FirebaseAuthCombine-Community */; };
		D865A3AA2D0548E80008EBCE /* FirebaseCore in Frameworks */ = {isa = PBXBuildFile; productRef = D865A3A92D0548E80008EBCE /* FirebaseCore */; };
		D865A3AC2D0548E80008EBCE /* FirebaseCrashlytics in Frameworks */ = {isa = PBXBuildFile; productRef = D865A3AB2D0548E80008EBCE /* FirebaseCrashlytics */; };
		D865A3AE2D0548E80008EBCE /* FirebaseDatabase in Frameworks */ = {isa = PBXBuildFile; productRef = D865A3AD2D0548E80008EBCE /* FirebaseDatabase */; };
		D865A3B02D0548E80008EBCE /* FirebaseDynamicLinks in Frameworks */ = {isa = PBXBuildFile; productRef = D865A3AF2D0548E80008EBCE /* FirebaseDynamicLinks */; };
		D865A3B22D0548E80008EBCE /* FirebaseFirestore in Frameworks */ = {isa = PBXBuildFile; productRef = D865A3B12D0548E80008EBCE /* FirebaseFirestore */; };
		D865A3B42D0548E80008EBCE /* FirebaseFirestoreCombine-Community in Frameworks */ = {isa = PBXBuildFile; productRef = D865A3B32D0548E80008EBCE /* FirebaseFirestoreCombine-Community */; };
		D865A3B62D0548E80008EBCE /* FirebaseFunctions in Frameworks */ = {isa = PBXBuildFile; productRef = D865A3B52D0548E80008EBCE /* FirebaseFunctions */; };
		D865A3B82D0548E80008EBCE /* FirebaseFunctionsCombine-Community in Frameworks */ = {isa = PBXBuildFile; productRef = D865A3B72D0548E80008EBCE /* FirebaseFunctionsCombine-Community */; };
		D865A3BA2D0548E80008EBCE /* FirebaseInAppMessaging-Beta in Frameworks */ = {isa = PBXBuildFile; productRef = D865A3B92D0548E80008EBCE /* FirebaseInAppMessaging-Beta */; };
		D865A3BC2D0548E80008EBCE /* FirebaseInstallations in Frameworks */ = {isa = PBXBuildFile; productRef = D865A3BB2D0548E80008EBCE /* FirebaseInstallations */; };
		D865A3BE2D0548E80008EBCE /* FirebaseMLModelDownloader in Frameworks */ = {isa = PBXBuildFile; productRef = D865A3BD2D0548E80008EBCE /* FirebaseMLModelDownloader */; };
		D865A3C02D0548E80008EBCE /* FirebaseMessaging in Frameworks */ = {isa = PBXBuildFile; productRef = D865A3BF2D0548E80008EBCE /* FirebaseMessaging */; };
		D865A3C22D0548E80008EBCE /* FirebasePerformance in Frameworks */ = {isa = PBXBuildFile; productRef = D865A3C12D0548E80008EBCE /* FirebasePerformance */; };
		D865A3C42D0548E80008EBCE /* FirebaseRemoteConfig in Frameworks */ = {isa = PBXBuildFile; productRef = D865A3C32D0548E80008EBCE /* FirebaseRemoteConfig */; };
		D865A3C62D0548E80008EBCE /* FirebaseStorage in Frameworks */ = {isa = PBXBuildFile; productRef = D865A3C52D0548E80008EBCE /* FirebaseStorage */; };
		D865A3C82D0548E80008EBCE /* FirebaseStorageCombine-Community in Frameworks */ = {isa = PBXBuildFile; productRef = D865A3C72D0548E80008EBCE /* FirebaseStorageCombine-Community */; };
		D865A3CA2D0548E80008EBCE /* FirebaseVertexAI in Frameworks */ = {isa = PBXBuildFile; productRef = D865A3C92D0548E80008EBCE /* FirebaseVertexAI */; };
/* End PBXBuildFile section */

/* Begin PBXFileReference section */
		D865A3242D0297F20008EBCE /* BDayPlanner.app */ = {isa = PBXFileReference; explicitFileType = wrapper.application; includeInIndex = 0; path = BDayPlanner.app; sourceTree = BUILT_PRODUCTS_DIR; };
/* End PBXFileReference section */

/* Begin PBXFileSystemSynchronizedRootGroup section */
		D865A3262D0297F20008EBCE /* BDayPlanner */ = {
			isa = PBXFileSystemSynchronizedRootGroup;
			path = BDayPlanner;
			sourceTree = "<group>";
		};
/* End PBXFileSystemSynchronizedRootGroup section */

/* Begin PBXFrameworksBuildPhase section */
		D865A3212D0297F20008EBCE /* Frameworks */ = {
			isa = PBXFrameworksBuildPhase;
			buildActionMask = 2147483647;
			files = (
				D865A3B42D0548E80008EBCE /* FirebaseFirestoreCombine-Community in Frameworks */,
				D865A3CA2D0548E80008EBCE /* FirebaseVertexAI in Frameworks */,
				D865A3B62D0548E80008EBCE /* FirebaseFunctions in Frameworks */,
				D865A3C22D0548E80008EBCE /* FirebasePerformance in Frameworks */,
				D865A3C82D0548E80008EBCE /* FirebaseStorageCombine-Community in Frameworks */,
				D865A3C42D0548E80008EBCE /* FirebaseRemoteConfig in Frameworks */,
				D865A3AE2D0548E80008EBCE /* FirebaseDatabase in Frameworks */,
				D865A3B02D0548E80008EBCE /* FirebaseDynamicLinks in Frameworks */,
				D865A3A22D0548E80008EBCE /* FirebaseAppCheck in Frameworks */,
				D865A3A62D0548E80008EBCE /* FirebaseAuth in Frameworks */,
				D865A39C2D0548E80008EBCE /* FirebaseAnalytics in Frameworks */,
				D865A3B22D0548E80008EBCE /* FirebaseFirestore in Frameworks */,
				D865A3C02D0548E80008EBCE /* FirebaseMessaging in Frameworks */,
				D865A3BC2D0548E80008EBCE /* FirebaseInstallations in Frameworks */,
				D865A3B82D0548E80008EBCE /* FirebaseFunctionsCombine-Community in Frameworks */,
				D865A3A42D0548E80008EBCE /* FirebaseAppDistribution-Beta in Frameworks */,
				D865A3A02D0548E80008EBCE /* FirebaseAnalyticsWithoutAdIdSupport in Frameworks */,
				D865A3BA2D0548E80008EBCE /* FirebaseInAppMessaging-Beta in Frameworks */,
				D865A3A82D0548E80008EBCE /* FirebaseAuthCombine-Community in Frameworks */,
				D865A3AC2D0548E80008EBCE /* FirebaseCrashlytics in Frameworks */,
				D865A3BE2D0548E80008EBCE /* FirebaseMLModelDownloader in Frameworks */,
				D865A3C62D0548E80008EBCE /* FirebaseStorage in Frameworks */,
				D865A3AA2D0548E80008EBCE /* FirebaseCore in Frameworks */,
				D865A39E2D0548E80008EBCE /* FirebaseAnalyticsOnDeviceConversion in Frameworks */,
			);
			runOnlyForDeploymentPostprocessing = 0;
		};
/* End PBXFrameworksBuildPhase section */

/* Begin PBXGroup section */
		D865A31B2D0297F20008EBCE = {
			isa = PBXGroup;
			children = (
				D865A3262D0297F20008EBCE /* BDayPlanner */,
				D865A3252D0297F20008EBCE /* Products */,
			);
			sourceTree = "<group>";
		};
		D865A3252D0297F20008EBCE /* Products */ = {
			isa = PBXGroup;
			children = (
				D865A3242D0297F20008EBCE /* BDayPlanner.app */,
			);
			name = Products;
			sourceTree = "<group>";
		};
/* End PBXGroup section */

/* Begin PBXNativeTarget section */
		D865A3232D0297F20008EBCE /* BDayPlanner */ = {
			isa = PBXNativeTarget;
			buildConfigurationList = D865A3322D0297F40008EBCE /* Build configuration list for PBXNativeTarget "BDayPlanner" */;
			buildPhases = (
				D865A3202D0297F20008EBCE /* Sources */,
				D865A3212D0297F20008EBCE /* Frameworks */,
				D865A3222D0297F20008EBCE /* Resources */,
			);
			buildRules = (
			);
			dependencies = (
			);
			fileSystemSynchronizedGroups = (
				D865A3262D0297F20008EBCE /* BDayPlanner */,
			);
			name = BDayPlanner;
			packageProductDependencies = (
				D865A39B2D0548E80008EBCE /* FirebaseAnalytics */,
				D865A39D2D0548E80008EBCE /* FirebaseAnalyticsOnDeviceConversion */,
				D865A39F2D0548E80008EBCE /* FirebaseAnalyticsWithoutAdIdSupport */,
				D865A3A12D0548E80008EBCE /* FirebaseAppCheck */,
				D865A3A32D0548E80008EBCE /* FirebaseAppDistribution-Beta */,
				D865A3A52D0548E80008EBCE /* FirebaseAuth */,
				D865A3A72D0548E80008EBCE /* FirebaseAuthCombine-Community */,
				D865A3A92D0548E80008EBCE /* FirebaseCore */,
				D865A3AB2D0548E80008EBCE /* FirebaseCrashlytics */,
				D865A3AD2D0548E80008EBCE /* FirebaseDatabase */,
				D865A3AF2D0548E80008EBCE /* FirebaseDynamicLinks */,
				D865A3B12D0548E80008EBCE /* FirebaseFirestore */,
				D865A3B32D0548E80008EBCE /* FirebaseFirestoreCombine-Community */,
				D865A3B52D0548E80008EBCE /* FirebaseFunctions */,
				D865A3B72D0548E80008EBCE /* FirebaseFunctionsCombine-Community */,
				D865A3B92D0548E80008EBCE /* FirebaseInAppMessaging-Beta */,
				D865A3BB2D0548E80008EBCE /* FirebaseInstallations */,
				D865A3BD2D0548E80008EBCE /* FirebaseMLModelDownloader */,
				D865A3BF2D0548E80008EBCE /* FirebaseMessaging */,
				D865A3C12D0548E80008EBCE /* FirebasePerformance */,
				D865A3C32D0548E80008EBCE /* FirebaseRemoteConfig */,
				D865A3C52D0548E80008EBCE /* FirebaseStorage */,
				D865A3C72D0548E80008EBCE /* FirebaseStorageCombine-Community */,
				D865A3C92D0548E80008EBCE /* FirebaseVertexAI */,
			);
			productName = BDayPlanner;
			productReference = D865A3242D0297F20008EBCE /* BDayPlanner.app */;
			productType = "com.apple.product-type.application";
		};
/* End PBXNativeTarget section */

/* Begin PBXProject section */
		D865A31C2D0297F20008EBCE /* Project object */ = {
			isa = PBXProject;
			attributes = {
				BuildIndependentTargetsInParallel = 1;
				LastSwiftUpdateCheck = 1600;
				LastUpgradeCheck = 1600;
				TargetAttributes = {
					D865A3232D0297F20008EBCE = {
						CreatedOnToolsVersion = 16.0;
					};
				};
			};
			buildConfigurationList = D865A31F2D0297F20008EBCE /* Build configuration list for PBXProject "BDayPlanner" */;
			developmentRegion = en;
			hasScannedForEncodings = 0;
			knownRegions = (
				en,
				Base,
			);
			mainGroup = D865A31B2D0297F20008EBCE;
			minimizedProjectReferenceProxies = 1;
			packageReferences = (
				D865A39A2D050ECD0008EBCE /* XCRemoteSwiftPackageReference "firebase-ios-sdk" */,
			);
			preferredProjectObjectVersion = 77;
			productRefGroup = D865A3252D0297F20008EBCE /* Products */;
			projectDirPath = "";
			projectRoot = "";
			targets = (
				D865A3232D0297F20008EBCE /* BDayPlanner */,
			);
		};
/* End PBXProject section */

/* Begin PBXResourcesBuildPhase section */
		D865A3222D0297F20008EBCE /* Resources */ = {
			isa = PBXResourcesBuildPhase;
			buildActionMask = 2147483647;
			files = (
			);
			runOnlyForDeploymentPostprocessing = 0;
		};
/* End PBXResourcesBuildPhase section */

/* Begin PBXSourcesBuildPhase section */
		D865A3202D0297F20008EBCE /* Sources */ = {
			isa = PBXSourcesBuildPhase;
			buildActionMask = 2147483647;
			files = (
			);
			runOnlyForDeploymentPostprocessing = 0;
		};
/* End PBXSourcesBuildPhase section */

/* Begin XCBuildConfiguration section */
		D865A3302D0297F40008EBCE /* Debug */ = {
			isa = XCBuildConfiguration;
			buildSettings = {
				ALWAYS_SEARCH_USER_PATHS = NO;
				ASSETCATALOG_COMPILER_GENERATE_SWIFT_ASSET_SYMBOL_EXTENSIONS = YES;
				CLANG_ANALYZER_NONNULL = YES;
				CLANG_ANALYZER_NUMBER_OBJECT_CONVERSION = YES_AGGRESSIVE;
				CLANG_CXX_LANGUAGE_STANDARD = "gnu++20";
				CLANG_ENABLE_MODULES = YES;
				CLANG_ENABLE_OBJC_ARC = YES;
				CLANG_ENABLE_OBJC_WEAK = YES;
				CLANG_WARN_BLOCK_CAPTURE_AUTORELEASING = YES;
				CLANG_WARN_BOOL_CONVERSION = YES;
				CLANG_WARN_COMMA = YES;
				CLANG_WARN_CONSTANT_CONVERSION = YES;
				CLANG_WARN_DEPRECATED_OBJC_IMPLEMENTATIONS = YES;
				CLANG_WARN_DIRECT_OBJC_ISA_USAGE = YES_ERROR;
				CLANG_WARN_DOCUMENTATION_COMMENTS = YES;
				CLANG_WARN_EMPTY_BODY = YES;
				CLANG_WARN_ENUM_CONVERSION = YES;
				CLANG_WARN_INFINITE_RECURSION = YES;
				CLANG_WARN_INT_CONVERSION = YES;
				CLANG_WARN_NON_LITERAL_NULL_CONVERSION = YES;
				CLANG_WARN_OBJC_IMPLICIT_RETAIN_SELF = YES;
				CLANG_WARN_OBJC_LITERAL_CONVERSION = YES;
				CLANG_WARN_OBJC_ROOT_CLASS = YES_ERROR;
				CLANG_WARN_QUOTED_INCLUDE_IN_FRAMEWORK_HEADER = YES;
				CLANG_WARN_RANGE_LOOP_ANALYSIS = YES;
				CLANG_WARN_STRICT_PROTOTYPES = YES;
				CLANG_WARN_SUSPICIOUS_MOVE = YES;
				CLANG_WARN_UNGUARDED_AVAILABILITY = YES_AGGRESSIVE;
				CLANG_WARN_UNREACHABLE_CODE = YES;
				CLANG_WARN__DUPLICATE_METHOD_MATCH = YES;
				COPY_PHASE_STRIP = NO;
				DEBUG_INFORMATION_FORMAT = dwarf;
				ENABLE_STRICT_OBJC_MSGSEND = YES;
				ENABLE_TESTABILITY = YES;
				ENABLE_USER_SCRIPT_SANDBOXING = YES;
				GCC_C_LANGUAGE_STANDARD = gnu17;
				GCC_DYNAMIC_NO_PIC = NO;
				GCC_NO_COMMON_BLOCKS = YES;
				GCC_OPTIMIZATION_LEVEL = 0;
				GCC_PREPROCESSOR_DEFINITIONS = (
					"DEBUG=1",
					"$(inherited)",
				);
				GCC_WARN_64_TO_32_BIT_CONVERSION = YES;
				GCC_WARN_ABOUT_RETURN_TYPE = YES_ERROR;
				GCC_WARN_UNDECLARED_SELECTOR = YES;
				GCC_WARN_UNINITIALIZED_AUTOS = YES_AGGRESSIVE;
				GCC_WARN_UNUSED_FUNCTION = YES;
				GCC_WARN_UNUSED_VARIABLE = YES;
				IPHONEOS_DEPLOYMENT_TARGET = 18.0;
				LOCALIZATION_PREFERS_STRING_CATALOGS = YES;
				MTL_ENABLE_DEBUG_INFO = INCLUDE_SOURCE;
				MTL_FAST_MATH = YES;
				ONLY_ACTIVE_ARCH = YES;
				SDKROOT = iphoneos;
				SWIFT_ACTIVE_COMPILATION_CONDITIONS = "DEBUG $(inherited)";
				SWIFT_OPTIMIZATION_LEVEL = "-Onone";
			};
			name = Debug;
		};
		D865A3312D0297F40008EBCE /* Release */ = {
			isa = XCBuildConfiguration;
			buildSettings = {
				ALWAYS_SEARCH_USER_PATHS = NO;
				ASSETCATALOG_COMPILER_GENERATE_SWIFT_ASSET_SYMBOL_EXTENSIONS = YES;
				CLANG_ANALYZER_NONNULL = YES;
				CLANG_ANALYZER_NUMBER_OBJECT_CONVERSION = YES_AGGRESSIVE;
				CLANG_CXX_LANGUAGE_STANDARD = "gnu++20";
				CLANG_ENABLE_MODULES = YES;
				CLANG_ENABLE_OBJC_ARC = YES;
				CLANG_ENABLE_OBJC_WEAK = YES;
				CLANG_WARN_BLOCK_CAPTURE_AUTORELEASING = YES;
				CLANG_WARN_BOOL_CONVERSION = YES;
				CLANG_WARN_COMMA = YES;
				CLANG_WARN_CONSTANT_CONVERSION = YES;
				CLANG_WARN_DEPRECATED_OBJC_IMPLEMENTATIONS = YES;
				CLANG_WARN_DIRECT_OBJC_ISA_USAGE = YES_ERROR;
				CLANG_WARN_DOCUMENTATION_COMMENTS = YES;
				CLANG_WARN_EMPTY_BODY = YES;
				CLANG_WARN_ENUM_CONVERSION = YES;
				CLANG_WARN_INFINITE_RECURSION = YES;
				CLANG_WARN_INT_CONVERSION = YES;
				CLANG_WARN_NON_LITERAL_NULL_CONVERSION = YES;
				CLANG_WARN_OBJC_IMPLICIT_RETAIN_SELF = YES;
				CLANG_WARN_OBJC_LITERAL_CONVERSION = YES;
				CLANG_WARN_OBJC_ROOT_CLASS = YES_ERROR;
				CLANG_WARN_QUOTED_INCLUDE_IN_FRAMEWORK_HEADER = YES;
				CLANG_WARN_RANGE_LOOP_ANALYSIS = YES;
				CLANG_WARN_STRICT_PROTOTYPES = YES;
				CLANG_WARN_SUSPICIOUS_MOVE = YES;
				CLANG_WARN_UNGUARDED_AVAILABILITY = YES_AGGRESSIVE;
				CLANG_WARN_UNREACHABLE_CODE = YES;
				CLANG_WARN__DUPLICATE_METHOD_MATCH = YES;
				COPY_PHASE_STRIP = NO;
				DEBUG_INFORMATION_FORMAT = "dwarf-with-dsym";
				ENABLE_NS_ASSERTIONS = NO;
				ENABLE_STRICT_OBJC_MSGSEND = YES;
				ENABLE_USER_SCRIPT_SANDBOXING = YES;
				GCC_C_LANGUAGE_STANDARD = gnu17;
				GCC_NO_COMMON_BLOCKS = YES;
				GCC_WARN_64_TO_32_BIT_CONVERSION = YES;
				GCC_WARN_ABOUT_RETURN_TYPE = YES_ERROR;
				GCC_WARN_UNDECLARED_SELECTOR = YES;
				GCC_WARN_UNINITIALIZED_AUTOS = YES_AGGRESSIVE;
				GCC_WARN_UNUSED_FUNCTION = YES;
				GCC_WARN_UNUSED_VARIABLE = YES;
				IPHONEOS_DEPLOYMENT_TARGET = 18.0;
				LOCALIZATION_PREFERS_STRING_CATALOGS = YES;
				MTL_ENABLE_DEBUG_INFO = NO;
				MTL_FAST_MATH = YES;
				SDKROOT = iphoneos;
				SWIFT_COMPILATION_MODE = wholemodule;
				VALIDATE_PRODUCT = YES;
			};
			name = Release;
		};
		D865A3332D0297F40008EBCE /* Debug */ = {
			isa = XCBuildConfiguration;
			buildSettings = {
				ASSETCATALOG_COMPILER_APPICON_NAME = AppIcon;
				ASSETCATALOG_COMPILER_GLOBAL_ACCENT_COLOR_NAME = AccentColor;
				CODE_SIGN_STYLE = Automatic;
				CURRENT_PROJECT_VERSION = 1;
				DEVELOPMENT_ASSET_PATHS = "\"BDayPlanner/Preview Content\"";
				DEVELOPMENT_TEAM = SCVLR6Z3M3;
				ENABLE_PREVIEWS = YES;
				GENERATE_INFOPLIST_FILE = YES;
				INFOPLIST_KEY_UIApplicationSceneManifest_Generation = YES;
				INFOPLIST_KEY_UIApplicationSupportsIndirectInputEvents = YES;
				INFOPLIST_KEY_UILaunchScreen_Generation = YES;
				INFOPLIST_KEY_UISupportedInterfaceOrientations_iPad = "UIInterfaceOrientationPortrait UIInterfaceOrientationPortraitUpsideDown UIInterfaceOrientationLandscapeLeft UIInterfaceOrientationLandscapeRight";
				INFOPLIST_KEY_UISupportedInterfaceOrientations_iPhone = "UIInterfaceOrientationPortrait UIInterfaceOrientationLandscapeLeft UIInterfaceOrientationLandscapeRight";
				LD_RUNPATH_SEARCH_PATHS = (
					"$(inherited)",
					"@executable_path/Frameworks",
				);
				MARKETING_VERSION = 1.0;
				PRODUCT_BUNDLE_IDENTIFIER = Final.BDayPlanner;
				PRODUCT_NAME = "$(TARGET_NAME)";
				SWIFT_EMIT_LOC_STRINGS = YES;
				SWIFT_VERSION = 5.0;
				TARGETED_DEVICE_FAMILY = "1,2";
			};
			name = Debug;
		};
		D865A3342D0297F40008EBCE /* Release */ = {
			isa = XCBuildConfiguration;
			buildSettings = {
				ASSETCATALOG_COMPILER_APPICON_NAME = AppIcon;
				ASSETCATALOG_COMPILER_GLOBAL_ACCENT_COLOR_NAME = AccentColor;
				CODE_SIGN_STYLE = Automatic;
				CURRENT_PROJECT_VERSION = 1;
				DEVELOPMENT_ASSET_PATHS = "\"BDayPlanner/Preview Content\"";
				DEVELOPMENT_TEAM = SCVLR6Z3M3;
				ENABLE_PREVIEWS = YES;
				GENERATE_INFOPLIST_FILE = YES;
				INFOPLIST_KEY_UIApplicationSceneManifest_Generation = YES;
				INFOPLIST_KEY_UIApplicationSupportsIndirectInputEvents = YES;
				INFOPLIST_KEY_UILaunchScreen_Generation = YES;
				INFOPLIST_KEY_UISupportedInterfaceOrientations_iPad = "UIInterfaceOrientationPortrait UIInterfaceOrientationPortraitUpsideDown UIInterfaceOrientationLandscapeLeft UIInterfaceOrientationLandscapeRight";
				INFOPLIST_KEY_UISupportedInterfaceOrientations_iPhone = "UIInterfaceOrientationPortrait UIInterfaceOrientationLandscapeLeft UIInterfaceOrientationLandscapeRight";
				LD_RUNPATH_SEARCH_PATHS = (
					"$(inherited)",
					"@executable_path/Frameworks",
				);
				MARKETING_VERSION = 1.0;
				PRODUCT_BUNDLE_IDENTIFIER = Final.BDayPlanner;
				PRODUCT_NAME = "$(TARGET_NAME)";
				SWIFT_EMIT_LOC_STRINGS = YES;
				SWIFT_VERSION = 5.0;
				TARGETED_DEVICE_FAMILY = "1,2";
			};
			name = Release;
		};
/* End XCBuildConfiguration section */

/* Begin XCConfigurationList section */
		D865A31F2D0297F20008EBCE /* Build configuration list for PBXProject "BDayPlanner" */ = {
			isa = XCConfigurationList;
			buildConfigurations = (
				D865A3302D0297F40008EBCE /* Debug */,
				D865A3312D0297F40008EBCE /* Release */,
			);
			defaultConfigurationIsVisible = 0;
			defaultConfigurationName = Release;
		};
		D865A3322D0297F40008EBCE /* Build configuration list for PBXNativeTarget "BDayPlanner" */ = {
			isa = XCConfigurationList;
			buildConfigurations = (
				D865A3332D0297F40008EBCE /* Debug */,
				D865A3342D0297F40008EBCE /* Release */,
			);
			defaultConfigurationIsVisible = 0;
			defaultConfigurationName = Release;
		};
/* End XCConfigurationList section */

/* Begin XCRemoteSwiftPackageReference section */
		D865A39A2D050ECD0008EBCE /* XCRemoteSwiftPackageReference "firebase-ios-sdk" */ = {
			isa = XCRemoteSwiftPackageReference;
			repositoryURL = "https://github.com/firebase/firebase-ios-sdk";
			requirement = {
				kind = upToNextMajorVersion;
				minimumVersion = 11.6.0;
			};
		};
/* End XCRemoteSwiftPackageReference section */

/* Begin XCSwiftPackageProductDependency section */
		D865A39B2D0548E80008EBCE /* FirebaseAnalytics */ = {
			isa = XCSwiftPackageProductDependency;
			package = D865A39A2D050ECD0008EBCE /* XCRemoteSwiftPackageReference "firebase-ios-sdk" */;
			productName = FirebaseAnalytics;
		};
		D865A39D2D0548E80008EBCE /* FirebaseAnalyticsOnDeviceConversion */ = {
			isa = XCSwiftPackageProductDependency;
			package = D865A39A2D050ECD0008EBCE /* XCRemoteSwiftPackageReference "firebase-ios-sdk" */;
			productName = FirebaseAnalyticsOnDeviceConversion;
		};
		D865A39F2D0548E80008EBCE /* FirebaseAnalyticsWithoutAdIdSupport */ = {
			isa = XCSwiftPackageProductDependency;
			package = D865A39A2D050ECD0008EBCE /* XCRemoteSwiftPackageReference "firebase-ios-sdk" */;
			productName = FirebaseAnalyticsWithoutAdIdSupport;
		};
		D865A3A12D0548E80008EBCE /* FirebaseAppCheck */ = {
			isa = XCSwiftPackageProductDependency;
			package = D865A39A2D050ECD0008EBCE /* XCRemoteSwiftPackageReference "firebase-ios-sdk" */;
			productName = FirebaseAppCheck;
		};
		D865A3A32D0548E80008EBCE /* FirebaseAppDistribution-Beta */ = {
			isa = XCSwiftPackageProductDependency;
			package = D865A39A2D050ECD0008EBCE /* XCRemoteSwiftPackageReference "firebase-ios-sdk" */;
			productName = "FirebaseAppDistribution-Beta";
		};
		D865A3A52D0548E80008EBCE /* FirebaseAuth */ = {
			isa = XCSwiftPackageProductDependency;
			package = D865A39A2D050ECD0008EBCE /* XCRemoteSwiftPackageReference "firebase-ios-sdk" */;
			productName = FirebaseAuth;
		};
		D865A3A72D0548E80008EBCE /* FirebaseAuthCombine-Community */ = {
			isa = XCSwiftPackageProductDependency;
			package = D865A39A2D050ECD0008EBCE /* XCRemoteSwiftPackageReference "firebase-ios-sdk" */;
			productName = "FirebaseAuthCombine-Community";
		};
		D865A3A92D0548E80008EBCE /* FirebaseCore */ = {
			isa = XCSwiftPackageProductDependency;
			package = D865A39A2D050ECD0008EBCE /* XCRemoteSwiftPackageReference "firebase-ios-sdk" */;
			productName = FirebaseCore;
		};
		D865A3AB2D0548E80008EBCE /* FirebaseCrashlytics */ = {
			isa = XCSwiftPackageProductDependency;
			package = D865A39A2D050ECD0008EBCE /* XCRemoteSwiftPackageReference "firebase-ios-sdk" */;
			productName = FirebaseCrashlytics;
		};
		D865A3AD2D0548E80008EBCE /* FirebaseDatabase */ = {
			isa = XCSwiftPackageProductDependency;
			package = D865A39A2D050ECD0008EBCE /* XCRemoteSwiftPackageReference "firebase-ios-sdk" */;
			productName = FirebaseDatabase;
		};
		D865A3AF2D0548E80008EBCE /* FirebaseDynamicLinks */ = {
			isa = XCSwiftPackageProductDependency;
			package = D865A39A2D050ECD0008EBCE /* XCRemoteSwiftPackageReference "firebase-ios-sdk" */;
			productName = FirebaseDynamicLinks;
		};
		D865A3B12D0548E80008EBCE /* FirebaseFirestore */ = {
			isa = XCSwiftPackageProductDependency;
			package = D865A39A2D050ECD0008EBCE /* XCRemoteSwiftPackageReference "firebase-ios-sdk" */;
			productName = FirebaseFirestore;
		};
		D865A3B32D0548E80008EBCE /* FirebaseFirestoreCombine-Community */ = {
			isa = XCSwiftPackageProductDependency;
			package = D865A39A2D050ECD0008EBCE /* XCRemoteSwiftPackageReference "firebase-ios-sdk" */;
			productName = "FirebaseFirestoreCombine-Community";
		};
		D865A3B52D0548E80008EBCE /* FirebaseFunctions */ = {
			isa = XCSwiftPackageProductDependency;
			package = D865A39A2D050ECD0008EBCE /* XCRemoteSwiftPackageReference "firebase-ios-sdk" */;
			productName = FirebaseFunctions;
		};
		D865A3B72D0548E80008EBCE /* FirebaseFunctionsCombine-Community */ = {
			isa = XCSwiftPackageProductDependency;
			package = D865A39A2D050ECD0008EBCE /* XCRemoteSwiftPackageReference "firebase-ios-sdk" */;
			productName = "FirebaseFunctionsCombine-Community";
		};
		D865A3B92D0548E80008EBCE /* FirebaseInAppMessaging-Beta */ = {
			isa = XCSwiftPackageProductDependency;
			package = D865A39A2D050ECD0008EBCE /* XCRemoteSwiftPackageReference "firebase-ios-sdk" */;
			productName = "FirebaseInAppMessaging-Beta";
		};
		D865A3BB2D0548E80008EBCE /* FirebaseInstallations */ = {
			isa = XCSwiftPackageProductDependency;
			package = D865A39A2D050ECD0008EBCE /* XCRemoteSwiftPackageReference "firebase-ios-sdk" */;
			productName = FirebaseInstallations;
		};
		D865A3BD2D0548E80008EBCE /* FirebaseMLModelDownloader */ = {
			isa = XCSwiftPackageProductDependency;
			package = D865A39A2D050ECD0008EBCE /* XCRemoteSwiftPackageReference "firebase-ios-sdk" */;
			productName = FirebaseMLModelDownloader;
		};
		D865A3BF2D0548E80008EBCE /* FirebaseMessaging */ = {
			isa = XCSwiftPackageProductDependency;
			package = D865A39A2D050ECD0008EBCE /* XCRemoteSwiftPackageReference "firebase-ios-sdk" */;
			productName = FirebaseMessaging;
		};
		D865A3C12D0548E80008EBCE /* FirebasePerformance */ = {
			isa = XCSwiftPackageProductDependency;
			package = D865A39A2D050ECD0008EBCE /* XCRemoteSwiftPackageReference "firebase-ios-sdk" */;
			productName = FirebasePerformance;
		};
		D865A3C32D0548E80008EBCE /* FirebaseRemoteConfig */ = {
			isa = XCSwiftPackageProductDependency;
			package = D865A39A2D050ECD0008EBCE /* XCRemoteSwiftPackageReference "firebase-ios-sdk" */;
			productName = FirebaseRemoteConfig;
		};
		D865A3C52D0548E80008EBCE /* FirebaseStorage */ = {
			isa = XCSwiftPackageProductDependency;
			package = D865A39A2D050ECD0008EBCE /* XCRemoteSwiftPackageReference "firebase-ios-sdk" */;
			productName = FirebaseStorage;
		};
		D865A3C72D0548E80008EBCE /* FirebaseStorageCombine-Community */ = {
			isa = XCSwiftPackageProductDependency;
			package = D865A39A2D050ECD0008EBCE /* XCRemoteSwiftPackageReference "firebase-ios-sdk" */;
			productName = "FirebaseStorageCombine-Community";
		};
		D865A3C92D0548E80008EBCE /* FirebaseVertexAI */ = {
			isa = XCSwiftPackageProductDependency;
			package = D865A39A2D050ECD0008EBCE /* XCRemoteSwiftPackageReference "firebase-ios-sdk" */;
			productName = FirebaseVertexAI;
		};
/* End XCSwiftPackageProductDependency section */
	};
	rootObject = D865A31C2D0297F20008EBCE /* Project object */;
}
